
Microsoft Visual Studio Solution File, Format Version 12.00
# Visual Studio 2013
VisualStudioVersion = 12.0.31101.0
MinimumVisualStudioVersion = 10.0.40219.1
Project("{FAE04EC0-301F-11D3-BF4B-00C04F79EFBC}") = "Volleyball", "Volleyball\Volleyball.csproj", "{9800B53F-07E8-4E0C-A9FF-AF11054FF03B}"
EndProject
Project("{FAE04EC0-301F-11D3-BF4B-00C04F79EFBC}") = "OddEvenSum", "OddEvenSum\OddEvenSum.csproj", "{EE0C47A7-7B92-4470-AF61-19F7AD803466}"
EndProject
Project("{FAE04EC0-301F-11D3-BF4B-00C04F79EFBC}") = "Diamonds", "Diamonds\Diamonds.csproj", "{A7AE82BA-BC34-4A25-A15C-8312F7CED231}"
EndProject
Project("{FAE04EC0-301F-11D3-BF4B-00C04F79EFBC}") = "BitsUp", "BitsUp\BitsUp.csproj", "{50AB5483-D12B-434E-9EF9-9AE5EA9A52D0}"
EndProject
Project("{FAE04EC0-301F-11D3-BF4B-00C04F79EFBC}") = "BitSifting", "BitSifting\BitSifting.csproj", "{89B55F0B-992B-4A4C-B9F2-47B327538217}"
EndProject
Global
	GlobalSection(SolutionConfigurationPlatforms) = preSolution
		Debug|Any CPU = Debug|Any CPU
		Release|Any CPU = Release|Any CPU
	EndGlobalSection
	GlobalSection(ProjectConfigurationPlatforms) = postSolution
		{9800B53F-07E8-4E0C-A9FF-AF11054FF03B}.Debug|Any CPU.ActiveCfg = Debug|Any CPU
		{9800B53F-07E8-4E0C-A9FF-AF11054FF03B}.Debug|Any CPU.Build.0 = Debug|Any CPU
		{9800B53F-07E8-4E0C-A9FF-AF11054FF03B}.Release|Any CPU.ActiveCfg = Release|Any CPU
		{9800B53F-07E8-4E0C-A9FF-AF11054FF03B}.Release|Any CPU.Build.0 = Release|Any CPU
		{EE0C47A7-7B92-4470-AF61-19F7AD803466}.Debug|Any CPU.ActiveCfg = Debug|Any CPU
		{EE0C47A7-7B92-4470-AF61-19F7AD803466}.Debug|Any CPU.Build.0 = Debug|Any CPU
		{EE0C47A7-7B92-4470-AF61-19F7AD803466}.Release|Any CPU.ActiveCfg = Release|Any CPU
		{EE0C47A7-7B92-4470-AF61-19F7AD803466}.Release|Any CPU.Build.0 = Release|Any CPU
		{A7AE82BA-BC34-4A25-A15C-8312F7CED231}.Debug|Any CPU.ActiveCfg = Debug|Any CPU
		{A7AE82BA-BC34-4A25-A15C-8312F7CED231}.Debug|Any CPU.Build.0 = Debug|Any CPU
		{A7AE82BA-BC34-4A25-A15C-8312F7CED231}.Release|Any CPU.ActiveCfg = Release|Any CPU
		{A7AE82BA-BC34-4A25-A15C-8312F7CED231}.Release|Any CPU.Build.0 = Release|Any CPU
		{50AB5483-D12B-434E-9EF9-9AE5EA9A52D0}.Debug|Any CPU.ActiveCfg = Debug|Any CPU
		{50AB5483-D12B-434E-9EF9-9AE5EA9A52D0}.Debug|Any CPU.Build.0 = Debug|Any CPU
		{50AB5483-D12B-434E-9EF9-9AE5EA9A52D0}.Release|Any CPU.ActiveCfg = Release|Any CPU
		{50AB5483-D12B-434E-9EF9-9AE5EA9A52D0}.Release|Any CPU.Build.0 = Release|Any CPU
		{89B55F0B-992B-4A4C-B9F2-47B327538217}.Debug|Any CPU.ActiveCfg = Debug|Any CPU
		{89B55F0B-992B-4A4C-B9F2-47B327538217}.Debug|Any CPU.Build.0 = Debug|Any CPU
		{89B55F0B-992B-4A4C-B9F2-47B327538217}.Release|Any CPU.ActiveCfg = Release|Any CPU
		{89B55F0B-992B-4A4C-B9F2-47B327538217}.Release|Any CPU.Build.0 = Release|Any CPU
	EndGlobalSection
	GlobalSection(SolutionProperties) = preSolution
		HideSolutionNode = FALSE
	EndGlobalSection
EndGlobal
