
Microsoft Visual Studio Solution File, Format Version 12.00
# Visual Studio 2013
VisualStudioVersion = 12.0.31101.0
MinimumVisualStudioVersion = 10.0.40219.1
Project("{FAE04EC0-301F-11D3-BF4B-00C04F79EFBC}") = "BookShop", "BookShop\BookShop.csproj", "{E5F5FDA5-40E4-473C-AF4B-AA6743C6C640}"
EndProject
Project("{FAE04EC0-301F-11D3-BF4B-00C04F79EFBC}") = "RPGGame", "RPGGame\RPGGame.csproj", "{DD50B55C-1BA9-480C-B620-99D863DDC237}"
EndProject
Project("{FAE04EC0-301F-11D3-BF4B-00C04F79EFBC}") = "01. HumanStudentWorker", "01. HumanStudentWorker\01. HumanStudentWorker.csproj", "{B3C1CA54-FE60-4027-96A1-CE2785A31E01}"
EndProject
Project("{FAE04EC0-301F-11D3-BF4B-00C04F79EFBC}") = "Animals", "Animals\Animals.csproj", "{D4DA5736-BD41-4E45-8E34-573D9B0B0D5D}"
EndProject
Project("{FAE04EC0-301F-11D3-BF4B-00C04F79EFBC}") = "CompanyHierarchy", "CompanyHierarchy\CompanyHierarchy.csproj", "{345E391F-1466-4AA3-A8D9-3C7A55D8FBF0}"
EndProject
Global
	GlobalSection(SolutionConfigurationPlatforms) = preSolution
		Debug|Any CPU = Debug|Any CPU
		Release|Any CPU = Release|Any CPU
	EndGlobalSection
	GlobalSection(ProjectConfigurationPlatforms) = postSolution
		{E5F5FDA5-40E4-473C-AF4B-AA6743C6C640}.Debug|Any CPU.ActiveCfg = Debug|Any CPU
		{E5F5FDA5-40E4-473C-AF4B-AA6743C6C640}.Debug|Any CPU.Build.0 = Debug|Any CPU
		{E5F5FDA5-40E4-473C-AF4B-AA6743C6C640}.Release|Any CPU.ActiveCfg = Release|Any CPU
		{E5F5FDA5-40E4-473C-AF4B-AA6743C6C640}.Release|Any CPU.Build.0 = Release|Any CPU
		{DD50B55C-1BA9-480C-B620-99D863DDC237}.Debug|Any CPU.ActiveCfg = Debug|Any CPU
		{DD50B55C-1BA9-480C-B620-99D863DDC237}.Debug|Any CPU.Build.0 = Debug|Any CPU
		{DD50B55C-1BA9-480C-B620-99D863DDC237}.Release|Any CPU.ActiveCfg = Release|Any CPU
		{DD50B55C-1BA9-480C-B620-99D863DDC237}.Release|Any CPU.Build.0 = Release|Any CPU
		{B3C1CA54-FE60-4027-96A1-CE2785A31E01}.Debug|Any CPU.ActiveCfg = Debug|Any CPU
		{B3C1CA54-FE60-4027-96A1-CE2785A31E01}.Debug|Any CPU.Build.0 = Debug|Any CPU
		{B3C1CA54-FE60-4027-96A1-CE2785A31E01}.Release|Any CPU.ActiveCfg = Release|Any CPU
		{B3C1CA54-FE60-4027-96A1-CE2785A31E01}.Release|Any CPU.Build.0 = Release|Any CPU
		{D4DA5736-BD41-4E45-8E34-573D9B0B0D5D}.Debug|Any CPU.ActiveCfg = Debug|Any CPU
		{D4DA5736-BD41-4E45-8E34-573D9B0B0D5D}.Debug|Any CPU.Build.0 = Debug|Any CPU
		{D4DA5736-BD41-4E45-8E34-573D9B0B0D5D}.Release|Any CPU.ActiveCfg = Release|Any CPU
		{D4DA5736-BD41-4E45-8E34-573D9B0B0D5D}.Release|Any CPU.Build.0 = Release|Any CPU
		{345E391F-1466-4AA3-A8D9-3C7A55D8FBF0}.Debug|Any CPU.ActiveCfg = Debug|Any CPU
		{345E391F-1466-4AA3-A8D9-3C7A55D8FBF0}.Debug|Any CPU.Build.0 = Debug|Any CPU
		{345E391F-1466-4AA3-A8D9-3C7A55D8FBF0}.Release|Any CPU.ActiveCfg = Release|Any CPU
		{345E391F-1466-4AA3-A8D9-3C7A55D8FBF0}.Release|Any CPU.Build.0 = Release|Any CPU
	EndGlobalSection
	GlobalSection(SolutionProperties) = preSolution
		HideSolutionNode = FALSE
	EndGlobalSection
EndGlobal
